# THIS IS AN AUTOGENERATED FILE. DO NOT EDIT THIS FILE DIRECTLY.
# yarn lockfile v1


rgbcolor@^1.0.1:
  version "1.0.1"
  resolved "https://registry.yarnpkg.com/rgbcolor/-/rgbcolor-1.0.1.tgz#d6505ecdb304a6595da26fa4b43307306775945d"

stackblur@^1.0.0:
  version "1.0.0"
  resolved "https://registry.yarnpkg.com/stackblur/-/stackblur-1.0.0.tgz#b407a7e05c93b08d66883bb808d7cba3a503f12f"
